
Microsoft Visual Studio Solution File, Format Version 12.00
# Visual Studio Version 16
VisualStudioVersion = 16.0.34601.136
MinimumVisualStudioVersion = 10.0.40219.1
Project("{FAE04EC0-301F-11D3-BF4B-00C04F79EFBC}") = "SimpleCalculator", "SimpleCalculator.csproj", "{14B0F226-305F-4757-B7E2-95E21D2A4E17}"
EndProject
Global
	GlobalSection(SolutionConfigurationPlatforms) = preSolution
		Debug|Any CPU = Debug|Any CPU
		Release|Any CPU = Release|Any CPU
	EndGlobalSection
	GlobalSection(ProjectConfigurationPlatforms) = postSolution
		{14B0F226-305F-4757-B7E2-95E21D2A4E17}.Debug|Any CPU.ActiveCfg = Debug|Any CPU
		{14B0F226-305F-4757-B7E2-95E21D2A4E17}.Debug|Any CPU.Build.0 = Debug|Any CPU
		{14B0F226-305F-4757-B7E2-95E21D2A4E17}.Release|Any CPU.ActiveCfg = Release|Any CPU
		{14B0F226-305F-4757-B7E2-95E21D2A4E17}.Release|Any CPU.Build.0 = Release|Any CPU
	EndGlobalSection
	GlobalSection(SolutionProperties) = preSolution
		HideSolutionNode = FALSE
	EndGlobalSection
	GlobalSection(ExtensibilityGlobals) = postSolution
		SolutionGuid = {981F9B6C-384C-45EE-9E6B-2E59EA49687C}
	EndGlobalSection
EndGlobal
